
Microsoft Visual Studio Solution File, Format Version 12.00
# Visual Studio Version 17
VisualStudioVersion = 17.9.34728.123
MinimumVisualStudioVersion = 10.0.40219.1
Project("{FAE04EC0-301F-11D3-BF4B-00C04F79EFBC}") = "FilaPilhaDez", "FilaPilhaDez\FilaPilhaDez.csproj", "{10FC3D8D-37F3-4F40-8123-3C854EDC4E85}"
EndProject
Global
	GlobalSection(SolutionConfigurationPlatforms) = preSolution
		Debug|Any CPU = Debug|Any CPU
		Release|Any CPU = Release|Any CPU
	EndGlobalSection
	GlobalSection(ProjectConfigurationPlatforms) = postSolution
		{10FC3D8D-37F3-4F40-8123-3C854EDC4E85}.Debug|Any CPU.ActiveCfg = Debug|Any CPU
		{10FC3D8D-37F3-4F40-8123-3C854EDC4E85}.Debug|Any CPU.Build.0 = Debug|Any CPU
		{10FC3D8D-37F3-4F40-8123-3C854EDC4E85}.Release|Any CPU.ActiveCfg = Release|Any CPU
		{10FC3D8D-37F3-4F40-8123-3C854EDC4E85}.Release|Any CPU.Build.0 = Release|Any CPU
	EndGlobalSection
	GlobalSection(SolutionProperties) = preSolution
		HideSolutionNode = FALSE
	EndGlobalSection
	GlobalSection(ExtensibilityGlobals) = postSolution
		SolutionGuid = {9532E524-BC77-49CD-8197-FC077850BA04}
	EndGlobalSection
EndGlobal
